// !$*UTF8*$!
{
	archiveVersion = 1;
	classes = {
	};
	objectVersion = 46;
	objects = {

/* Begin PBXBuildFile section */
		7810EABF1DC7EA6B00AC7DC0 /* TweetComposeViewController.swift in Sources */ = {isa = PBXBuildFile; fileRef = 7810EABE1DC7EA6B00AC7DC0 /* TweetComposeViewController.swift */; };
		7810EAC11DC7FDE100AC7DC0 /* ReplyButton.swift in Sources */ = {isa = PBXBuildFile; fileRef = 7810EAC01DC7FDE100AC7DC0 /* ReplyButton.swift */; };
		7821E0EC1DC40BB100AB814A /* AppDelegate.swift in Sources */ = {isa = PBXBuildFile; fileRef = 7821E0EB1DC40BB100AB814A /* AppDelegate.swift */; };
		7821E0EE1DC40BB100AB814A /* LoginViewController.swift in Sources */ = {isa = PBXBuildFile; fileRef = 7821E0ED1DC40BB100AB814A /* LoginViewController.swift */; };
		7821E0F11DC40BB100AB814A /* Main.storyboard in Resources */ = {isa = PBXBuildFile; fileRef = 7821E0EF1DC40BB100AB814A /* Main.storyboard */; };
		7821E0F31DC40BB100AB814A /* Assets.xcassets in Resources */ = {isa = PBXBuildFile; fileRef = 7821E0F21DC40BB100AB814A /* Assets.xcassets */; };
		7821E0F61DC40BB100AB814A /* LaunchScreen.storyboard in Resources */ = {isa = PBXBuildFile; fileRef = 7821E0F41DC40BB100AB814A /* LaunchScreen.storyboard */; };
		7821E1011DC40BB100AB814A /* SimpleTwitterTests.swift in Sources */ = {isa = PBXBuildFile; fileRef = 7821E1001DC40BB100AB814A /* SimpleTwitterTests.swift */; };
		7821E10C1DC40BB200AB814A /* SimpleTwitterUITests.swift in Sources */ = {isa = PBXBuildFile; fileRef = 7821E10B1DC40BB200AB814A /* SimpleTwitterUITests.swift */; };
		7821E11A1DC40D2E00AB814A /* README in Resources */ = {isa = PBXBuildFile; fileRef = 7821E1191DC40D2E00AB814A /* README */; };
		7821E11C1DC4309700AB814A /* TwitterSessionManager.swift in Sources */ = {isa = PBXBuildFile; fileRef = 7821E11B1DC4309700AB814A /* TwitterSessionManager.swift */; };
		7850B5DD1DC53C5F00AA753F /* User.swift in Sources */ = {isa = PBXBuildFile; fileRef = 7850B5DC1DC53C5F00AA753F /* User.swift */; };
		7850B5DF1DC53F9200AA753F /* Tweet.swift in Sources */ = {isa = PBXBuildFile; fileRef = 7850B5DE1DC53F9200AA753F /* Tweet.swift */; };
		78566EE01DC55B7B00AF1642 /* TweetsViewController.swift in Sources */ = {isa = PBXBuildFile; fileRef = 78566EDF1DC55B7B00AF1642 /* TweetsViewController.swift */; };
		78566EE31DC5B7A400AF1642 /* TweetTableViewCell.swift in Sources */ = {isa = PBXBuildFile; fileRef = 78566EE21DC5B7A400AF1642 /* TweetTableViewCell.swift */; };
		78566EE61DC70FCD00AF1642 /* TweetViewController.swift in Sources */ = {isa = PBXBuildFile; fileRef = 78566EE51DC70FCD00AF1642 /* TweetViewController.swift */; };
		78566EEC1DC7D00600AF1642 /* RetweetButton.swift in Sources */ = {isa = PBXBuildFile; fileRef = 78566EEB1DC7D00600AF1642 /* RetweetButton.swift */; };
		78566EF01DC7D8C700AF1642 /* FavouriteButton.swift in Sources */ = {isa = PBXBuildFile; fileRef = 78566EEF1DC7D8C700AF1642 /* FavouriteButton.swift */; };
		A6DB0BDA90B867D78A9A9170 /* Pods_SimpleTwitter.framework in Frameworks */ = {isa = PBXBuildFile; fileRef = A32804E212A4807990AAA45A /* Pods_SimpleTwitter.framework */; };
		AD4B5BB42434CC2729316025 /* Pods_SimpleTwitterTests.framework in Frameworks */ = {isa = PBXBuildFile; fileRef = 68858D6304ABFF07C98E2DE0 /* Pods_SimpleTwitterTests.framework */; };
		F3E934953B6ACC16283EE81D /* Pods_SimpleTwitterUITests.framework in Frameworks */ = {isa = PBXBuildFile; fileRef = 2AEDD24E66E26E524EF1D32B /* Pods_SimpleTwitterUITests.framework */; };
/* End PBXBuildFile section */

/* Begin PBXContainerItemProxy section */
		7821E0FD1DC40BB100AB814A /* PBXContainerItemProxy */ = {
			isa = PBXContainerItemProxy;
			containerPortal = 7821E0E01DC40BB100AB814A /* Project object */;
			proxyType = 1;
			remoteGlobalIDString = 7821E0E71DC40BB100AB814A;
			remoteInfo = SimpleTwitter;
		};
		7821E1081DC40BB200AB814A /* PBXContainerItemProxy */ = {
			isa = PBXContainerItemProxy;
			containerPortal = 7821E0E01DC40BB100AB814A /* Project object */;
			proxyType = 1;
			remoteGlobalIDString = 7821E0E71DC40BB100AB814A;
			remoteInfo = SimpleTwitter;
		};
/* End PBXContainerItemProxy section */

/* Begin PBXFileReference section */
		09C71371627C9F484672F3F3 /* Pods-SimpleTwitterTests.release.xcconfig */ = {isa = PBXFileReference; includeInIndex = 1; lastKnownFileType = text.xcconfig; name = "Pods-SimpleTwitterTests.release.xcconfig"; path = "Pods/Target Support Files/Pods-SimpleTwitterTests/Pods-SimpleTwitterTests.release.xcconfig"; sourceTree = "<group>"; };
		0CA971FC7CBACA3BFC2E74A2 /* Pods-SimpleTwitterTests.debug.xcconfig */ = {isa = PBXFileReference; includeInIndex = 1; lastKnownFileType = text.xcconfig; name = "Pods-SimpleTwitterTests.debug.xcconfig"; path = "Pods/Target Support Files/Pods-SimpleTwitterTests/Pods-SimpleTwitterTests.debug.xcconfig"; sourceTree = "<group>"; };
		11A3C5C43D1A94580FE0B538 /* Pods-SimpleTwitter.debug.xcconfig */ = {isa = PBXFileReference; includeInIndex = 1; lastKnownFileType = text.xcconfig; name = "Pods-SimpleTwitter.debug.xcconfig"; path = "Pods/Target Support Files/Pods-SimpleTwitter/Pods-SimpleTwitter.debug.xcconfig"; sourceTree = "<group>"; };
		1A3D8BFACB16C40285799ED9 /* Pods-SimpleTwitterUITests.debug.xcconfig */ = {isa = PBXFileReference; includeInIndex = 1; lastKnownFileType = text.xcconfig; name = "Pods-SimpleTwitterUITests.debug.xcconfig"; path = "Pods/Target Support Files/Pods-SimpleTwitterUITests/Pods-SimpleTwitterUITests.debug.xcconfig"; sourceTree = "<group>"; };
		2AEDD24E66E26E524EF1D32B /* Pods_SimpleTwitterUITests.framework */ = {isa = PBXFileReference; explicitFileType = wrapper.framework; includeInIndex = 0; path = Pods_SimpleTwitterUITests.framework; sourceTree = BUILT_PRODUCTS_DIR; };
		5DBDABF203BBC8FD5F9920CA /* Pods-SimpleTwitter.release.xcconfig */ = {isa = PBXFileReference; includeInIndex = 1; lastKnownFileType = text.xcconfig; name = "Pods-SimpleTwitter.release.xcconfig"; path = "Pods/Target Support Files/Pods-SimpleTwitter/Pods-SimpleTwitter.release.xcconfig"; sourceTree = "<group>"; };
		68858D6304ABFF07C98E2DE0 /* Pods_SimpleTwitterTests.framework */ = {isa = PBXFileReference; explicitFileType = wrapper.framework; includeInIndex = 0; path = Pods_SimpleTwitterTests.framework; sourceTree = BUILT_PRODUCTS_DIR; };
		7810EABE1DC7EA6B00AC7DC0 /* TweetComposeViewController.swift */ = {isa = PBXFileReference; fileEncoding = 4; lastKnownFileType = sourcecode.swift; path = TweetComposeViewController.swift; sourceTree = "<group>"; };
		7810EAC01DC7FDE100AC7DC0 /* ReplyButton.swift */ = {isa = PBXFileReference; fileEncoding = 4; lastKnownFileType = sourcecode.swift; path = ReplyButton.swift; sourceTree = "<group>"; };
		7821E0E81DC40BB100AB814A /* Twitter.app */ = {isa = PBXFileReference; explicitFileType = wrapper.application; includeInIndex = 0; path = Twitter.app; sourceTree = BUILT_PRODUCTS_DIR; };
		7821E0EB1DC40BB100AB814A /* AppDelegate.swift */ = {isa = PBXFileReference; lastKnownFileType = sourcecode.swift; path = AppDelegate.swift; sourceTree = "<group>"; };
		7821E0ED1DC40BB100AB814A /* LoginViewController.swift */ = {isa = PBXFileReference; lastKnownFileType = sourcecode.swift; path = LoginViewController.swift; sourceTree = "<group>"; };
		7821E0F01DC40BB100AB814A /* Base */ = {isa = PBXFileReference; lastKnownFileType = file.storyboard; name = Base; path = Base.lproj/Main.storyboard; sourceTree = "<group>"; };
		7821E0F21DC40BB100AB814A /* Assets.xcassets */ = {isa = PBXFileReference; lastKnownFileType = folder.assetcatalog; path = Assets.xcassets; sourceTree = "<group>"; };
		7821E0F51DC40BB100AB814A /* Base */ = {isa = PBXFileReference; lastKnownFileType = file.storyboard; name = Base; path = Base.lproj/LaunchScreen.storyboard; sourceTree = "<group>"; };
		7821E0F71DC40BB100AB814A /* Info.plist */ = {isa = PBXFileReference; lastKnownFileType = text.plist.xml; path = Info.plist; sourceTree = "<group>"; };
		7821E0FC1DC40BB100AB814A /* TwitterTests.xctest */ = {isa = PBXFileReference; explicitFileType = wrapper.cfbundle; includeInIndex = 0; path = TwitterTests.xctest; sourceTree = BUILT_PRODUCTS_DIR; };
		7821E1001DC40BB100AB814A /* SimpleTwitterTests.swift */ = {isa = PBXFileReference; lastKnownFileType = sourcecode.swift; path = SimpleTwitterTests.swift; sourceTree = "<group>"; };
		7821E1021DC40BB100AB814A /* Info.plist */ = {isa = PBXFileReference; lastKnownFileType = text.plist.xml; path = Info.plist; sourceTree = "<group>"; };
		7821E1071DC40BB200AB814A /* TwitterUITests.xctest */ = {isa = PBXFileReference; explicitFileType = wrapper.cfbundle; includeInIndex = 0; path = TwitterUITests.xctest; sourceTree = BUILT_PRODUCTS_DIR; };
		7821E10B1DC40BB200AB814A /* SimpleTwitterUITests.swift */ = {isa = PBXFileReference; lastKnownFileType = sourcecode.swift; path = SimpleTwitterUITests.swift; sourceTree = "<group>"; };
		7821E10D1DC40BB200AB814A /* Info.plist */ = {isa = PBXFileReference; lastKnownFileType = text.plist.xml; path = Info.plist; sourceTree = "<group>"; };
		7821E1191DC40D2E00AB814A /* README */ = {isa = PBXFileReference; fileEncoding = 4; lastKnownFileType = text; path = README; sourceTree = "<group>"; };
		7821E11B1DC4309700AB814A /* TwitterSessionManager.swift */ = {isa = PBXFileReference; fileEncoding = 4; lastKnownFileType = sourcecode.swift; path = TwitterSessionManager.swift; sourceTree = "<group>"; };
		7850B5DC1DC53C5F00AA753F /* User.swift */ = {isa = PBXFileReference; fileEncoding = 4; lastKnownFileType = sourcecode.swift; path = User.swift; sourceTree = "<group>"; };
		7850B5DE1DC53F9200AA753F /* Tweet.swift */ = {isa = PBXFileReference; fileEncoding = 4; lastKnownFileType = sourcecode.swift; path = Tweet.swift; sourceTree = "<group>"; };
		78566EDF1DC55B7B00AF1642 /* TweetsViewController.swift */ = {isa = PBXFileReference; fileEncoding = 4; lastKnownFileType = sourcecode.swift; path = TweetsViewController.swift; sourceTree = "<group>"; };
		78566EE21DC5B7A400AF1642 /* TweetTableViewCell.swift */ = {isa = PBXFileReference; fileEncoding = 4; lastKnownFileType = sourcecode.swift; path = TweetTableViewCell.swift; sourceTree = "<group>"; };
		78566EE41DC70E0900AF1642 /* SimpleTwitter.entitlements */ = {isa = PBXFileReference; lastKnownFileType = text.plist.entitlements; path = SimpleTwitter.entitlements; sourceTree = "<group>"; };
		78566EE51DC70FCD00AF1642 /* TweetViewController.swift */ = {isa = PBXFileReference; fileEncoding = 4; lastKnownFileType = sourcecode.swift; path = TweetViewController.swift; sourceTree = "<group>"; };
		78566EEB1DC7D00600AF1642 /* RetweetButton.swift */ = {isa = PBXFileReference; fileEncoding = 4; lastKnownFileType = sourcecode.swift; path = RetweetButton.swift; sourceTree = "<group>"; };
		78566EEF1DC7D8C700AF1642 /* FavouriteButton.swift */ = {isa = PBXFileReference; fileEncoding = 4; lastKnownFileType = sourcecode.swift; path = FavouriteButton.swift; sourceTree = "<group>"; };
		8194577DE8A05AD22696024E /* Pods-SimpleTwitterUITests.release.xcconfig */ = {isa = PBXFileReference; includeInIndex = 1; lastKnownFileType = text.xcconfig; name = "Pods-SimpleTwitterUITests.release.xcconfig"; path = "Pods/Target Support Files/Pods-SimpleTwitterUITests/Pods-SimpleTwitterUITests.release.xcconfig"; sourceTree = "<group>"; };
		A32804E212A4807990AAA45A /* Pods_SimpleTwitter.framework */ = {isa = PBXFileReference; explicitFileType = wrapper.framework; includeInIndex = 0; path = Pods_SimpleTwitter.framework; sourceTree = BUILT_PRODUCTS_DIR; };
/* End PBXFileReference section */

/* Begin PBXFrameworksBuildPhase section */
		7821E0E51DC40BB100AB814A /* Frameworks */ = {
			isa = PBXFrameworksBuildPhase;
			buildActionMask = 2147483647;
			files = (
				A6DB0BDA90B867D78A9A9170 /* Pods_SimpleTwitter.framework in Frameworks */,
			);
			runOnlyForDeploymentPostprocessing = 0;
		};
		7821E0F91DC40BB100AB814A /* Frameworks */ = {
			isa = PBXFrameworksBuildPhase;
			buildActionMask = 2147483647;
			files = (
				AD4B5BB42434CC2729316025 /* Pods_SimpleTwitterTests.framework in Frameworks */,
			);
			runOnlyForDeploymentPostprocessing = 0;
		};
		7821E1041DC40BB200AB814A /* Frameworks */ = {
			isa = PBXFrameworksBuildPhase;
			buildActionMask = 2147483647;
			files = (
				F3E934953B6ACC16283EE81D /* Pods_SimpleTwitterUITests.framework in Frameworks */,
			);
			runOnlyForDeploymentPostprocessing = 0;
		};
/* End PBXFrameworksBuildPhase section */

/* Begin PBXGroup section */
		3F92021DC60386ED2D8313D5 /* Frameworks */ = {
			isa = PBXGroup;
			children = (
				A32804E212A4807990AAA45A /* Pods_SimpleTwitter.framework */,
				68858D6304ABFF07C98E2DE0 /* Pods_SimpleTwitterTests.framework */,
				2AEDD24E66E26E524EF1D32B /* Pods_SimpleTwitterUITests.framework */,
			);
			name = Frameworks;
			sourceTree = "<group>";
		};
		5D0E4FAF2F383C5B2F568C6B /* Pods */ = {
			isa = PBXGroup;
			children = (
				11A3C5C43D1A94580FE0B538 /* Pods-SimpleTwitter.debug.xcconfig */,
				5DBDABF203BBC8FD5F9920CA /* Pods-SimpleTwitter.release.xcconfig */,
				0CA971FC7CBACA3BFC2E74A2 /* Pods-SimpleTwitterTests.debug.xcconfig */,
				09C71371627C9F484672F3F3 /* Pods-SimpleTwitterTests.release.xcconfig */,
				1A3D8BFACB16C40285799ED9 /* Pods-SimpleTwitterUITests.debug.xcconfig */,
				8194577DE8A05AD22696024E /* Pods-SimpleTwitterUITests.release.xcconfig */,
			);
			name = Pods;
			sourceTree = "<group>";
		};
		7821E0DF1DC40BB100AB814A = {
			isa = PBXGroup;
			children = (
				7821E0EA1DC40BB100AB814A /* Twitter */,
				7821E0FF1DC40BB100AB814A /* TwitterTests */,
				7821E10A1DC40BB200AB814A /* TwitterUITests */,
				7821E0E91DC40BB100AB814A /* Products */,
				5D0E4FAF2F383C5B2F568C6B /* Pods */,
				3F92021DC60386ED2D8313D5 /* Frameworks */,
			);
			sourceTree = "<group>";
		};
		7821E0E91DC40BB100AB814A /* Products */ = {
			isa = PBXGroup;
			children = (
				7821E0E81DC40BB100AB814A /* Twitter.app */,
				7821E0FC1DC40BB100AB814A /* TwitterTests.xctest */,
				7821E1071DC40BB200AB814A /* TwitterUITests.xctest */,
			);
			name = Products;
			sourceTree = "<group>";
		};
		7821E0EA1DC40BB100AB814A /* Twitter */ = {
			isa = PBXGroup;
			children = (
				7850B5E01DC544F700AA753F /* API */,
				7850B5DB1DC53C0600AA753F /* Model */,
				7850B5DA1DC53BFD00AA753F /* ViewControllers */,
				78566EE11DC5B78600AF1642 /* Views */,
				7821E0EB1DC40BB100AB814A /* AppDelegate.swift */,
				7821E0EF1DC40BB100AB814A /* Main.storyboard */,
				7821E0F21DC40BB100AB814A /* Assets.xcassets */,
				7821E0F41DC40BB100AB814A /* LaunchScreen.storyboard */,
				7821E0F71DC40BB100AB814A /* Info.plist */,
				7821E1191DC40D2E00AB814A /* README */,
				78566EE41DC70E0900AF1642 /* SimpleTwitter.entitlements */,
			);
			name = Twitter;
			path = SimpleTwitter;
			sourceTree = "<group>";
		};
		7821E0FF1DC40BB100AB814A /* TwitterTests */ = {
			isa = PBXGroup;
			children = (
				7821E1001DC40BB100AB814A /* SimpleTwitterTests.swift */,
				7821E1021DC40BB100AB814A /* Info.plist */,
			);
			name = TwitterTests;
			path = SimpleTwitterTests;
			sourceTree = "<group>";
		};
		7821E10A1DC40BB200AB814A /* TwitterUITests */ = {
			isa = PBXGroup;
			children = (
				7821E10B1DC40BB200AB814A /* SimpleTwitterUITests.swift */,
				7821E10D1DC40BB200AB814A /* Info.plist */,
			);
			name = TwitterUITests;
			path = SimpleTwitterUITests;
			sourceTree = "<group>";
		};
		7850B5DA1DC53BFD00AA753F /* ViewControllers */ = {
			isa = PBXGroup;
			children = (
				7821E0ED1DC40BB100AB814A /* LoginViewController.swift */,
				78566EDF1DC55B7B00AF1642 /* TweetsViewController.swift */,
				78566EE51DC70FCD00AF1642 /* TweetViewController.swift */,
				7810EABE1DC7EA6B00AC7DC0 /* TweetComposeViewController.swift */,
			);
			name = ViewControllers;
			sourceTree = "<group>";
		};
		7850B5DB1DC53C0600AA753F /* Model */ = {
			isa = PBXGroup;
			children = (
				7850B5DC1DC53C5F00AA753F /* User.swift */,
				7850B5DE1DC53F9200AA753F /* Tweet.swift */,
			);
			name = Model;
			sourceTree = "<group>";
		};
		7850B5E01DC544F700AA753F /* API */ = {
			isa = PBXGroup;
			children = (
				7821E11B1DC4309700AB814A /* TwitterSessionManager.swift */,
			);
			name = API;
			sourceTree = "<group>";
		};
		78566EE11DC5B78600AF1642 /* Views */ = {
			isa = PBXGroup;
			children = (
				78566EE21DC5B7A400AF1642 /* TweetTableViewCell.swift */,
				78566EEB1DC7D00600AF1642 /* RetweetButton.swift */,
				78566EEF1DC7D8C700AF1642 /* FavouriteButton.swift */,
				7810EAC01DC7FDE100AC7DC0 /* ReplyButton.swift */,
			);
			name = Views;
			sourceTree = "<group>";
		};
/* End PBXGroup section */

/* Begin PBXNativeTarget section */
		7821E0E71DC40BB100AB814A /* Twitter */ = {
			isa = PBXNativeTarget;
			buildConfigurationList = 7821E1101DC40BB200AB814A /* Build configuration list for PBXNativeTarget "Twitter" */;
			buildPhases = (
				667F64900F0BA9D4C19600CD /* [CP] Check Pods Manifest.lock */,
				7821E0E41DC40BB100AB814A /* Sources */,
				7821E0E51DC40BB100AB814A /* Frameworks */,
				7821E0E61DC40BB100AB814A /* Resources */,
				E45DDDEB437109708C452882 /* [CP] Embed Pods Frameworks */,
				EE879543A1F069CE34EB655E /* [CP] Copy Pods Resources */,
			);
			buildRules = (
			);
			dependencies = (
			);
			name = Twitter;
			productName = SimpleTwitter;
			productReference = 7821E0E81DC40BB100AB814A /* Twitter.app */;
			productType = "com.apple.product-type.application";
		};
		7821E0FB1DC40BB100AB814A /* TwitterTests */ = {
			isa = PBXNativeTarget;
			buildConfigurationList = 7821E1131DC40BB200AB814A /* Build configuration list for PBXNativeTarget "TwitterTests" */;
			buildPhases = (
				6B572E2DB263D40EF4FC8C32 /* [CP] Check Pods Manifest.lock */,
				7821E0F81DC40BB100AB814A /* Sources */,
				7821E0F91DC40BB100AB814A /* Frameworks */,
				7821E0FA1DC40BB100AB814A /* Resources */,
				B90B12D804E1D8E8BFD86ADC /* [CP] Embed Pods Frameworks */,
				89D52E1F1ACAA4A6F7A6A79D /* [CP] Copy Pods Resources */,
			);
			buildRules = (
			);
			dependencies = (
				7821E0FE1DC40BB100AB814A /* PBXTargetDependency */,
			);
			name = TwitterTests;
			productName = SimpleTwitterTests;
			productReference = 7821E0FC1DC40BB100AB814A /* TwitterTests.xctest */;
			productType = "com.apple.product-type.bundle.unit-test";
		};
		7821E1061DC40BB200AB814A /* TwitterUITests */ = {
			isa = PBXNativeTarget;
			buildConfigurationList = 7821E1161DC40BB200AB814A /* Build configuration list for PBXNativeTarget "TwitterUITests" */;
			buildPhases = (
				907554C85FC817327F6E5E05 /* [CP] Check Pods Manifest.lock */,
				7821E1031DC40BB200AB814A /* Sources */,
				7821E1041DC40BB200AB814A /* Frameworks */,
				7821E1051DC40BB200AB814A /* Resources */,
				9E25EA42623DC689D4A02EA0 /* [CP] Copy Pods Resources */,
			);
			buildRules = (
			);
			dependencies = (
				7821E1091DC40BB200AB814A /* PBXTargetDependency */,
			);
			name = TwitterUITests;
			productName = SimpleTwitterUITests;
			productReference = 7821E1071DC40BB200AB814A /* TwitterUITests.xctest */;
			productType = "com.apple.product-type.bundle.ui-testing";
		};
/* End PBXNativeTarget section */

/* Begin PBXProject section */
		7821E0E01DC40BB100AB814A /* Project object */ = {
			isa = PBXProject;
			attributes = {
				LastSwiftUpdateCheck = 0800;
				LastUpgradeCheck = 0800;
				ORGANIZATIONNAME = "Jonathan Cheng";
				TargetAttributes = {
					7821E0E71DC40BB100AB814A = {
						CreatedOnToolsVersion = 8.0;
						DevelopmentTeam = Y4GA6H5JHE;
						ProvisioningStyle = Automatic;
						SystemCapabilities = {
							com.apple.Keychain = {
								enabled = 1;
							};
						};
					};
					7821E0FB1DC40BB100AB814A = {
						CreatedOnToolsVersion = 8.0;
						ProvisioningStyle = Automatic;
						TestTargetID = 7821E0E71DC40BB100AB814A;
					};
					7821E1061DC40BB200AB814A = {
						CreatedOnToolsVersion = 8.0;
						ProvisioningStyle = Automatic;
						TestTargetID = 7821E0E71DC40BB100AB814A;
					};
				};
			};
			buildConfigurationList = 7821E0E31DC40BB100AB814A /* Build configuration list for PBXProject "Twitter" */;
			compatibilityVersion = "Xcode 3.2";
			developmentRegion = English;
			hasScannedForEncodings = 0;
			knownRegions = (
				en,
				Base,
			);
			mainGroup = 7821E0DF1DC40BB100AB814A;
			productRefGroup = 7821E0E91DC40BB100AB814A /* Products */;
			projectDirPath = "";
			projectRoot = "";
			targets = (
				7821E0E71DC40BB100AB814A /* Twitter */,
				7821E0FB1DC40BB100AB814A /* TwitterTests */,
				7821E1061DC40BB200AB814A /* TwitterUITests */,
			);
		};
/* End PBXProject section */

/* Begin PBXResourcesBuildPhase section */
		7821E0E61DC40BB100AB814A /* Resources */ = {
			isa = PBXResourcesBuildPhase;
			buildActionMask = 2147483647;
			files = (
				7821E11A1DC40D2E00AB814A /* README in Resources */,
				7821E0F61DC40BB100AB814A /* LaunchScreen.storyboard in Resources */,
				7821E0F31DC40BB100AB814A /* Assets.xcassets in Resources */,
				7821E0F11DC40BB100AB814A /* Main.storyboard in Resources */,
			);
			runOnlyForDeploymentPostprocessing = 0;
		};
		7821E0FA1DC40BB100AB814A /* Resources */ = {
			isa = PBXResourcesBuildPhase;
			buildActionMask = 2147483647;
			files = (
			);
			runOnlyForDeploymentPostprocessing = 0;
		};
		7821E1051DC40BB200AB814A /* Resources */ = {
			isa = PBXResourcesBuildPhase;
			buildActionMask = 2147483647;
			files = (
			);
			runOnlyForDeploymentPostprocessing = 0;
		};
/* End PBXResourcesBuildPhase section */

/* Begin PBXShellScriptBuildPhase section */
		667F64900F0BA9D4C19600CD /* [CP] Check Pods Manifest.lock */ = {
			isa = PBXShellScriptBuildPhase;
			buildActionMask = 2147483647;
			files = (
			);
			inputPaths = (
			);
			name = "[CP] Check Pods Manifest.lock";
			outputPaths = (
			);
			runOnlyForDeploymentPostprocessing = 0;
			shellPath = /bin/sh;
			shellScript = "diff \"${PODS_ROOT}/../Podfile.lock\" \"${PODS_ROOT}/Manifest.lock\" > /dev/null\nif [[ $? != 0 ]] ; then\n    cat << EOM\nerror: The sandbox is not in sync with the Podfile.lock. Run 'pod install' or update your CocoaPods installation.\nEOM\n    exit 1\nfi\n";
			showEnvVarsInLog = 0;
		};
		6B572E2DB263D40EF4FC8C32 /* [CP] Check Pods Manifest.lock */ = {
			isa = PBXShellScriptBuildPhase;
			buildActionMask = 2147483647;
			files = (
			);
			inputPaths = (
			);
			name = "[CP] Check Pods Manifest.lock";
			outputPaths = (
			);
			runOnlyForDeploymentPostprocessing = 0;
			shellPath = /bin/sh;
			shellScript = "diff \"${PODS_ROOT}/../Podfile.lock\" \"${PODS_ROOT}/Manifest.lock\" > /dev/null\nif [[ $? != 0 ]] ; then\n    cat << EOM\nerror: The sandbox is not in sync with the Podfile.lock. Run 'pod install' or update your CocoaPods installation.\nEOM\n    exit 1\nfi\n";
			showEnvVarsInLog = 0;
		};
		89D52E1F1ACAA4A6F7A6A79D /* [CP] Copy Pods Resources */ = {
			isa = PBXShellScriptBuildPhase;
			buildActionMask = 2147483647;
			files = (
			);
			inputPaths = (
			);
			name = "[CP] Copy Pods Resources";
			outputPaths = (
			);
			runOnlyForDeploymentPostprocessing = 0;
			shellPath = /bin/sh;
			shellScript = "\"${SRCROOT}/Pods/Target Support Files/Pods-SimpleTwitterTests/Pods-SimpleTwitterTests-resources.sh\"\n";
			showEnvVarsInLog = 0;
		};
		907554C85FC817327F6E5E05 /* [CP] Check Pods Manifest.lock */ = {
			isa = PBXShellScriptBuildPhase;
			buildActionMask = 2147483647;
			files = (
			);
			inputPaths = (
			);
			name = "[CP] Check Pods Manifest.lock";
			outputPaths = (
			);
			runOnlyForDeploymentPostprocessing = 0;
			shellPath = /bin/sh;
			shellScript = "diff \"${PODS_ROOT}/../Podfile.lock\" \"${PODS_ROOT}/Manifest.lock\" > /dev/null\nif [[ $? != 0 ]] ; then\n    cat << EOM\nerror: The sandbox is not in sync with the Podfile.lock. Run 'pod install' or update your CocoaPods installation.\nEOM\n    exit 1\nfi\n";
			showEnvVarsInLog = 0;
		};
		9E25EA42623DC689D4A02EA0 /* [CP] Copy Pods Resources */ = {
			isa = PBXShellScriptBuildPhase;
			buildActionMask = 2147483647;
			files = (
			);
			inputPaths = (
			);
			name = "[CP] Copy Pods Resources";
			outputPaths = (
			);
			runOnlyForDeploymentPostprocessing = 0;
			shellPath = /bin/sh;
			shellScript = "\"${SRCROOT}/Pods/Target Support Files/Pods-SimpleTwitterUITests/Pods-SimpleTwitterUITests-resources.sh\"\n";
			showEnvVarsInLog = 0;
		};
		B90B12D804E1D8E8BFD86ADC /* [CP] Embed Pods Frameworks */ = {
			isa = PBXShellScriptBuildPhase;
			buildActionMask = 2147483647;
			files = (
			);
			inputPaths = (
			);
			name = "[CP] Embed Pods Frameworks";
			outputPaths = (
			);
			runOnlyForDeploymentPostprocessing = 0;
			shellPath = /bin/sh;
			shellScript = "\"${SRCROOT}/Pods/Target Support Files/Pods-SimpleTwitterTests/Pods-SimpleTwitterTests-frameworks.sh\"\n";
			showEnvVarsInLog = 0;
		};
		E45DDDEB437109708C452882 /* [CP] Embed Pods Frameworks */ = {
			isa = PBXShellScriptBuildPhase;
			buildActionMask = 2147483647;
			files = (
			);
			inputPaths = (
			);
			name = "[CP] Embed Pods Frameworks";
			outputPaths = (
			);
			runOnlyForDeploymentPostprocessing = 0;
			shellPath = /bin/sh;
			shellScript = "\"${SRCROOT}/Pods/Target Support Files/Pods-SimpleTwitter/Pods-SimpleTwitter-frameworks.sh\"\n";
			showEnvVarsInLog = 0;
		};
		EE879543A1F069CE34EB655E /* [CP] Copy Pods Resources */ = {
			isa = PBXShellScriptBuildPhase;
			buildActionMask = 2147483647;
			files = (
			);
			inputPaths = (
			);
			name = "[CP] Copy Pods Resources";
			outputPaths = (
			);
			runOnlyForDeploymentPostprocessing = 0;
			shellPath = /bin/sh;
			shellScript = "\"${SRCROOT}/Pods/Target Support Files/Pods-SimpleTwitter/Pods-SimpleTwitter-resources.sh\"\n";
			showEnvVarsInLog = 0;
		};
/* End PBXShellScriptBuildPhase section */

/* Begin PBXSourcesBuildPhase section */
		7821E0E41DC40BB100AB814A /* Sources */ = {
			isa = PBXSourcesBuildPhase;
			buildActionMask = 2147483647;
			files = (
				7850B5DD1DC53C5F00AA753F /* User.swift in Sources */,
				7850B5DF1DC53F9200AA753F /* Tweet.swift in Sources */,
				78566EE01DC55B7B00AF1642 /* TweetsViewController.swift in Sources */,
				7810EABF1DC7EA6B00AC7DC0 /* TweetComposeViewController.swift in Sources */,
				7821E0EE1DC40BB100AB814A /* LoginViewController.swift in Sources */,
				78566EEC1DC7D00600AF1642 /* RetweetButton.swift in Sources */,
				78566EF01DC7D8C700AF1642 /* FavouriteButton.swift in Sources */,
				78566EE61DC70FCD00AF1642 /* TweetViewController.swift in Sources */,
				7810EAC11DC7FDE100AC7DC0 /* ReplyButton.swift in Sources */,
				7821E0EC1DC40BB100AB814A /* AppDelegate.swift in Sources */,
				7821E11C1DC4309700AB814A /* TwitterSessionManager.swift in Sources */,
				78566EE31DC5B7A400AF1642 /* TweetTableViewCell.swift in Sources */,
			);
			runOnlyForDeploymentPostprocessing = 0;
		};
		7821E0F81DC40BB100AB814A /* Sources */ = {
			isa = PBXSourcesBuildPhase;
			buildActionMask = 2147483647;
			files = (
				7821E1011DC40BB100AB814A /* SimpleTwitterTests.swift in Sources */,
			);
			runOnlyForDeploymentPostprocessing = 0;
		};
		7821E1031DC40BB200AB814A /* Sources */ = {
			isa = PBXSourcesBuildPhase;
			buildActionMask = 2147483647;
			files = (
				7821E10C1DC40BB200AB814A /* SimpleTwitterUITests.swift in Sources */,
			);
			runOnlyForDeploymentPostprocessing = 0;
		};
/* End PBXSourcesBuildPhase section */

/* Begin PBXTargetDependency section */
		7821E0FE1DC40BB100AB814A /* PBXTargetDependency */ = {
			isa = PBXTargetDependency;
			target = 7821E0E71DC40BB100AB814A /* Twitter */;
			targetProxy = 7821E0FD1DC40BB100AB814A /* PBXContainerItemProxy */;
		};
		7821E1091DC40BB200AB814A /* PBXTargetDependency */ = {
			isa = PBXTargetDependency;
			target = 7821E0E71DC40BB100AB814A /* Twitter */;
			targetProxy = 7821E1081DC40BB200AB814A /* PBXContainerItemProxy */;
		};
/* End PBXTargetDependency section */

/* Begin PBXVariantGroup section */
		7821E0EF1DC40BB100AB814A /* Main.storyboard */ = {
			isa = PBXVariantGroup;
			children = (
				7821E0F01DC40BB100AB814A /* Base */,
			);
			name = Main.storyboard;
			sourceTree = "<group>";
		};
		7821E0F41DC40BB100AB814A /* LaunchScreen.storyboard */ = {
			isa = PBXVariantGroup;
			children = (
				7821E0F51DC40BB100AB814A /* Base */,
			);
			name = LaunchScreen.storyboard;
			sourceTree = "<group>";
		};
/* End PBXVariantGroup section */

/* Begin XCBuildConfiguration section */
		7821E10E1DC40BB200AB814A /* Debug */ = {
			isa = XCBuildConfiguration;
			buildSettings = {
				ALWAYS_SEARCH_USER_PATHS = NO;
				CLANG_ANALYZER_NONNULL = YES;
				CLANG_CXX_LANGUAGE_STANDARD = "gnu++0x";
				CLANG_CXX_LIBRARY = "libc++";
				CLANG_ENABLE_MODULES = YES;
				CLANG_ENABLE_OBJC_ARC = YES;
				CLANG_WARN_BOOL_CONVERSION = YES;
				CLANG_WARN_CONSTANT_CONVERSION = YES;
				CLANG_WARN_DIRECT_OBJC_ISA_USAGE = YES_ERROR;
				CLANG_WARN_DOCUMENTATION_COMMENTS = YES;
				CLANG_WARN_EMPTY_BODY = YES;
				CLANG_WARN_ENUM_CONVERSION = YES;
				CLANG_WARN_INFINITE_RECURSION = YES;
				CLANG_WARN_INT_CONVERSION = YES;
				CLANG_WARN_OBJC_ROOT_CLASS = YES_ERROR;
				CLANG_WARN_SUSPICIOUS_MOVE = YES;
				CLANG_WARN_SUSPICIOUS_MOVES = YES;
				CLANG_WARN_UNREACHABLE_CODE = YES;
				CLANG_WARN__DUPLICATE_METHOD_MATCH = YES;
				"CODE_SIGN_IDENTITY[sdk=iphoneos*]" = "iPhone Developer";
				COPY_PHASE_STRIP = NO;
				DEBUG_INFORMATION_FORMAT = dwarf;
				ENABLE_STRICT_OBJC_MSGSEND = YES;
				ENABLE_TESTABILITY = YES;
				GCC_C_LANGUAGE_STANDARD = gnu99;
				GCC_DYNAMIC_NO_PIC = NO;
				GCC_NO_COMMON_BLOCKS = YES;
				GCC_OPTIMIZATION_LEVEL = 0;
				GCC_PREPROCESSOR_DEFINITIONS = (
					"DEBUG=1",
					"$(inherited)",
				);
				GCC_WARN_64_TO_32_BIT_CONVERSION = YES;
				GCC_WARN_ABOUT_RETURN_TYPE = YES_ERROR;
				GCC_WARN_UNDECLARED_SELECTOR = YES;
				GCC_WARN_UNINITIALIZED_AUTOS = YES_AGGRESSIVE;
				GCC_WARN_UNUSED_FUNCTION = YES;
				GCC_WARN_UNUSED_VARIABLE = YES;
				IPHONEOS_DEPLOYMENT_TARGET = 10.0;
				MTL_ENABLE_DEBUG_INFO = YES;
				ONLY_ACTIVE_ARCH = YES;
				SDKROOT = iphoneos;
				SWIFT_ACTIVE_COMPILATION_CONDITIONS = DEBUG;
				SWIFT_OPTIMIZATION_LEVEL = "-Onone";
				TARGETED_DEVICE_FAMILY = "1,2";
			};
			name = Debug;
		};
		7821E10F1DC40BB200AB814A /* Release */ = {
			isa = XCBuildConfiguration;
			buildSettings = {
				ALWAYS_SEARCH_USER_PATHS = NO;
				CLANG_ANALYZER_NONNULL = YES;
				CLANG_CXX_LANGUAGE_STANDARD = "gnu++0x";
				CLANG_CXX_LIBRARY = "libc++";
				CLANG_ENABLE_MODULES = YES;
				CLANG_ENABLE_OBJC_ARC = YES;
				CLANG_WARN_BOOL_CONVERSION = YES;
				CLANG_WARN_CONSTANT_CONVERSION = YES;
				CLANG_WARN_DIRECT_OBJC_ISA_USAGE = YES_ERROR;
				CLANG_WARN_DOCUMENTATION_COMMENTS = YES;
				CLANG_WARN_EMPTY_BODY = YES;
				CLANG_WARN_ENUM_CONVERSION = YES;
				CLANG_WARN_INFINITE_RECURSION = YES;
				CLANG_WARN_INT_CONVERSION = YES;
				CLANG_WARN_OBJC_ROOT_CLASS = YES_ERROR;
				CLANG_WARN_SUSPICIOUS_MOVE = YES;
				CLANG_WARN_SUSPICIOUS_MOVES = YES;
				CLANG_WARN_UNREACHABLE_CODE = YES;
				CLANG_WARN__DUPLICATE_METHOD_MATCH = YES;
				"CODE_SIGN_IDENTITY[sdk=iphoneos*]" = "iPhone Developer";
				COPY_PHASE_STRIP = NO;
				DEBUG_INFORMATION_FORMAT = "dwarf-with-dsym";
				ENABLE_NS_ASSERTIONS = NO;
				ENABLE_STRICT_OBJC_MSGSEND = YES;
				GCC_C_LANGUAGE_STANDARD = gnu99;
				GCC_NO_COMMON_BLOCKS = YES;
				GCC_WARN_64_TO_32_BIT_CONVERSION = YES;
				GCC_WARN_ABOUT_RETURN_TYPE = YES_ERROR;
				GCC_WARN_UNDECLARED_SELECTOR = YES;
				GCC_WARN_UNINITIALIZED_AUTOS = YES_AGGRESSIVE;
				GCC_WARN_UNUSED_FUNCTION = YES;
				GCC_WARN_UNUSED_VARIABLE = YES;
				IPHONEOS_DEPLOYMENT_TARGET = 10.0;
				MTL_ENABLE_DEBUG_INFO = NO;
				SDKROOT = iphoneos;
				SWIFT_OPTIMIZATION_LEVEL = "-Owholemodule";
				TARGETED_DEVICE_FAMILY = "1,2";
				VALIDATE_PRODUCT = YES;
			};
			name = Release;
		};
		7821E1111DC40BB200AB814A /* Debug */ = {
			isa = XCBuildConfiguration;
			baseConfigurationReference = 11A3C5C43D1A94580FE0B538 /* Pods-SimpleTwitter.debug.xcconfig */;
			buildSettings = {
				ASSETCATALOG_COMPILER_APPICON_NAME = AppIcon;
				CODE_SIGN_ENTITLEMENTS = SimpleTwitter/SimpleTwitter.entitlements;
				DEVELOPMENT_TEAM = Y4GA6H5JHE;
				INFOPLIST_FILE = SimpleTwitter/Info.plist;
				LD_RUNPATH_SEARCH_PATHS = "$(inherited) @executable_path/Frameworks";
				PRODUCT_BUNDLE_IDENTIFIER = com.op.SimpleTwitter;
				PRODUCT_NAME = "$(TARGET_NAME)";
				SWIFT_VERSION = 3.0;
			};
			name = Debug;
		};
		7821E1121DC40BB200AB814A /* Release */ = {
			isa = XCBuildConfiguration;
			baseConfigurationReference = 5DBDABF203BBC8FD5F9920CA /* Pods-SimpleTwitter.release.xcconfig */;
			buildSettings = {
				ASSETCATALOG_COMPILER_APPICON_NAME = AppIcon;
				CODE_SIGN_ENTITLEMENTS = SimpleTwitter/SimpleTwitter.entitlements;
				DEVELOPMENT_TEAM = Y4GA6H5JHE;
				INFOPLIST_FILE = SimpleTwitter/Info.plist;
				LD_RUNPATH_SEARCH_PATHS = "$(inherited) @executable_path/Frameworks";
				PRODUCT_BUNDLE_IDENTIFIER = com.op.SimpleTwitter;
				PRODUCT_NAME = "$(TARGET_NAME)";
				SWIFT_VERSION = 3.0;
			};
			name = Release;
		};
		7821E1141DC40BB200AB814A /* Debug */ = {
			isa = XCBuildConfiguration;
			baseConfigurationReference = 0CA971FC7CBACA3BFC2E74A2 /* Pods-SimpleTwitterTests.debug.xcconfig */;
			buildSettings = {
				ALWAYS_EMBED_SWIFT_STANDARD_LIBRARIES = YES;
				BUNDLE_LOADER = "$(TEST_HOST)";
				INFOPLIST_FILE = SimpleTwitterTests/Info.plist;
				LD_RUNPATH_SEARCH_PATHS = "$(inherited) @executable_path/Frameworks @loader_path/Frameworks";
				PRODUCT_BUNDLE_IDENTIFIER = com.op.SimpleTwitterTests;
				PRODUCT_NAME = "$(TARGET_NAME)";
				SWIFT_VERSION = 3.0;
				TEST_HOST = "$(BUILT_PRODUCTS_DIR)/Twitter.app/Twitter";
			};
			name = Debug;
		};
		7821E1151DC40BB200AB814A /* Release */ = {
			isa = XCBuildConfiguration;
			baseConfigurationReference = 09C71371627C9F484672F3F3 /* Pods-SimpleTwitterTests.release.xcconfig */;
			buildSettings = {
				ALWAYS_EMBED_SWIFT_STANDARD_LIBRARIES = YES;
				BUNDLE_LOADER = "$(TEST_HOST)";
				INFOPLIST_FILE = SimpleTwitterTests/Info.plist;
				LD_RUNPATH_SEARCH_PATHS = "$(inherited) @executable_path/Frameworks @loader_path/Frameworks";
				PRODUCT_BUNDLE_IDENTIFIER = com.op.SimpleTwitterTests;
				PRODUCT_NAME = "$(TARGET_NAME)";
				SWIFT_VERSION = 3.0;
				TEST_HOST = "$(BUILT_PRODUCTS_DIR)/Twitter.app/Twitter";
			};
			name = Release;
		};
		7821E1171DC40BB200AB814A /* Debug */ = {
			isa = XCBuildConfiguration;
			baseConfigurationReference = 1A3D8BFACB16C40285799ED9 /* Pods-SimpleTwitterUITests.debug.xcconfig */;
			buildSettings = {
				ALWAYS_EMBED_SWIFT_STANDARD_LIBRARIES = YES;
				INFOPLIST_FILE = SimpleTwitterUITests/Info.plist;
				LD_RUNPATH_SEARCH_PATHS = "$(inherited) @executable_path/Frameworks @loader_path/Frameworks";
				PRODUCT_BUNDLE_IDENTIFIER = com.op.SimpleTwitterUITests;
				PRODUCT_NAME = "$(TARGET_NAME)";
				SWIFT_VERSION = 3.0;
				TEST_TARGET_NAME = SimpleTwitter;
			};
			name = Debug;
		};
		7821E1181DC40BB200AB814A /* Release */ = {
			isa = XCBuildConfiguration;
			baseConfigurationReference = 8194577DE8A05AD22696024E /* Pods-SimpleTwitterUITests.release.xcconfig */;
			buildSettings = {
				ALWAYS_EMBED_SWIFT_STANDARD_LIBRARIES = YES;
				INFOPLIST_FILE = SimpleTwitterUITests/Info.plist;
				LD_RUNPATH_SEARCH_PATHS = "$(inherited) @executable_path/Frameworks @loader_path/Frameworks";
				PRODUCT_BUNDLE_IDENTIFIER = com.op.SimpleTwitterUITests;
				PRODUCT_NAME = "$(TARGET_NAME)";
				SWIFT_VERSION = 3.0;
				TEST_TARGET_NAME = SimpleTwitter;
			};
			name = Release;
		};
/* End XCBuildConfiguration section */

/* Begin XCConfigurationList section */
		7821E0E31DC40BB100AB814A /* Build configuration list for PBXProject "Twitter" */ = {
			isa = XCConfigurationList;
			buildConfigurations = (
				7821E10E1DC40BB200AB814A /* Debug */,
				7821E10F1DC40BB200AB814A /* Release */,
			);
			defaultConfigurationIsVisible = 0;
			defaultConfigurationName = Release;
		};
		7821E1101DC40BB200AB814A /* Build configuration list for PBXNativeTarget "Twitter" */ = {
			isa = XCConfigurationList;
			buildConfigurations = (
				7821E1111DC40BB200AB814A /* Debug */,
				7821E1121DC40BB200AB814A /* Release */,
			);
			defaultConfigurationIsVisible = 0;
			defaultConfigurationName = Release;
		};
		7821E1131DC40BB200AB814A /* Build configuration list for PBXNativeTarget "TwitterTests" */ = {
			isa = XCConfigurationList;
			buildConfigurations = (
				7821E1141DC40BB200AB814A /* Debug */,
				7821E1151DC40BB200AB814A /* Release */,
			);
			defaultConfigurationIsVisible = 0;
			defaultConfigurationName = Release;
		};
		7821E1161DC40BB200AB814A /* Build configuration list for PBXNativeTarget "TwitterUITests" */ = {
			isa = XCConfigurationList;
			buildConfigurations = (
				7821E1171DC40BB200AB814A /* Debug */,
				7821E1181DC40BB200AB814A /* Release */,
			);
			defaultConfigurationIsVisible = 0;
			defaultConfigurationName = Release;
		};
/* End XCConfigurationList section */
	};
	rootObject = 7821E0E01DC40BB100AB814A /* Project object */;
}
